
Microsoft Visual Studio Solution File, Format Version 12.00
# Visual Studio Version 17
VisualStudioVersion = 17.7.34202.233
MinimumVisualStudioVersion = 10.0.40219.1
Project("{8BC9CEB8-8B4A-11D0-8D11-00A0C91BC942}") = "Task1", "Task1\Task1.vcxproj", "{8E0B91E9-3ADC-48C8-B497-9EB5FAAFD580}"
EndProject
Project("{8BC9CEB8-8B4A-11D0-8D11-00A0C91BC942}") = "Task2", "Task2\Task2.vcxproj", "{416D0A86-D2CE-4B68-BA0D-2AC56F762CE6}"
EndProject
Project("{8BC9CEB8-8B4A-11D0-8D11-00A0C91BC942}") = "Task3", "Task3\Task3.vcxproj", "{C4CD9041-C1E0-4FE3-9670-000A8965D1B5}"
EndProject
Project("{8BC9CEB8-8B4A-11D0-8D11-00A0C91BC942}") = "Task15", "Task15\Task15.vcxproj", "{1B10C675-E1E3-488A-A900-A938D80E4D5A}"
EndProject
Project("{8BC9CEB8-8B4A-11D0-8D11-00A0C91BC942}") = "Task11", "Task11\Task11.vcxproj", "{E14ED05B-CB5E-4610-ADAB-12A2D5CDF7AD}"
EndProject
Project("{8BC9CEB8-8B4A-11D0-8D11-00A0C91BC942}") = "Task12", "Task12\Task12.vcxproj", "{10FA5177-79D2-489F-8F06-69E4950361BA}"
EndProject
Project("{8BC9CEB8-8B4A-11D0-8D11-00A0C91BC942}") = "Task13", "Task13\Task13.vcxproj", "{35DF28EA-F4C2-40DF-AE5E-3D8897A25828}"
EndProject
Project("{8BC9CEB8-8B4A-11D0-8D11-00A0C91BC942}") = "Task14", "Task14\Task14.vcxproj", "{3B8D5622-1851-49C0-B7FF-F110A2DEA01B}"
EndProject
Project("{8BC9CEB8-8B4A-11D0-8D11-00A0C91BC942}") = "Task10", "Task10\Task10.vcxproj", "{4B252D45-AFC3-400A-A61C-12C382922FF6}"
EndProject
Project("{8BC9CEB8-8B4A-11D0-8D11-00A0C91BC942}") = "Task9", "Task9\Task9.vcxproj", "{4BD1D0B3-28DB-49DC-93DC-6BB54CADC94D}"
EndProject
Project("{8BC9CEB8-8B4A-11D0-8D11-00A0C91BC942}") = "Task5", "Task5\Task5.vcxproj", "{0FFDCAF2-DF15-49C5-BF6B-E4317E981C68}"
EndProject
Project("{8BC9CEB8-8B4A-11D0-8D11-00A0C91BC942}") = "Task8", "Task8\Task8.vcxproj", "{62953DF5-D5A0-4268-90C1-9ED71ED9E910}"
EndProject
Project("{8BC9CEB8-8B4A-11D0-8D11-00A0C91BC942}") = "Task7", "Task7\Task7.vcxproj", "{30726034-5999-4B31-9490-6AC2EF146A6E}"
EndProject
Project("{8BC9CEB8-8B4A-11D0-8D11-00A0C91BC942}") = "Task6", "Task6\Task6.vcxproj", "{5EC14170-6693-414B-A076-66C0A7A82C3C}"
EndProject
Project("{8BC9CEB8-8B4A-11D0-8D11-00A0C91BC942}") = "4.Task", "4.Task\4.Task.vcxproj", "{071CF739-0D52-4A1B-BAD6-BCFB0695F0F4}"
EndProject
Project("{8BC9CEB8-8B4A-11D0-8D11-00A0C91BC942}") = "Task16", "Task16\Task16.vcxproj", "{463AE59F-AFFF-487C-8C27-CDDB54C7B9B7}"
EndProject
Global
	GlobalSection(SolutionConfigurationPlatforms) = preSolution
		Debug|x64 = Debug|x64
		Debug|x86 = Debug|x86
		Release|x64 = Release|x64
		Release|x86 = Release|x86
	EndGlobalSection
	GlobalSection(ProjectConfigurationPlatforms) = postSolution
		{8E0B91E9-3ADC-48C8-B497-9EB5FAAFD580}.Debug|x64.ActiveCfg = Debug|x64
		{8E0B91E9-3ADC-48C8-B497-9EB5FAAFD580}.Debug|x64.Build.0 = Debug|x64
		{8E0B91E9-3ADC-48C8-B497-9EB5FAAFD580}.Debug|x86.ActiveCfg = Debug|Win32
		{8E0B91E9-3ADC-48C8-B497-9EB5FAAFD580}.Debug|x86.Build.0 = Debug|Win32
		{8E0B91E9-3ADC-48C8-B497-9EB5FAAFD580}.Release|x64.ActiveCfg = Release|x64
		{8E0B91E9-3ADC-48C8-B497-9EB5FAAFD580}.Release|x64.Build.0 = Release|x64
		{8E0B91E9-3ADC-48C8-B497-9EB5FAAFD580}.Release|x86.ActiveCfg = Release|Win32
		{8E0B91E9-3ADC-48C8-B497-9EB5FAAFD580}.Release|x86.Build.0 = Release|Win32
		{416D0A86-D2CE-4B68-BA0D-2AC56F762CE6}.Debug|x64.ActiveCfg = Debug|x64
		{416D0A86-D2CE-4B68-BA0D-2AC56F762CE6}.Debug|x64.Build.0 = Debug|x64
		{416D0A86-D2CE-4B68-BA0D-2AC56F762CE6}.Debug|x86.ActiveCfg = Debug|Win32
		{416D0A86-D2CE-4B68-BA0D-2AC56F762CE6}.Debug|x86.Build.0 = Debug|Win32
		{416D0A86-D2CE-4B68-BA0D-2AC56F762CE6}.Release|x64.ActiveCfg = Release|x64
		{416D0A86-D2CE-4B68-BA0D-2AC56F762CE6}.Release|x64.Build.0 = Release|x64
		{416D0A86-D2CE-4B68-BA0D-2AC56F762CE6}.Release|x86.ActiveCfg = Release|Win32
		{416D0A86-D2CE-4B68-BA0D-2AC56F762CE6}.Release|x86.Build.0 = Release|Win32
		{C4CD9041-C1E0-4FE3-9670-000A8965D1B5}.Debug|x64.ActiveCfg = Debug|x64
		{C4CD9041-C1E0-4FE3-9670-000A8965D1B5}.Debug|x64.Build.0 = Debug|x64
		{C4CD9041-C1E0-4FE3-9670-000A8965D1B5}.Debug|x86.ActiveCfg = Debug|Win32
		{C4CD9041-C1E0-4FE3-9670-000A8965D1B5}.Debug|x86.Build.0 = Debug|Win32
		{C4CD9041-C1E0-4FE3-9670-000A8965D1B5}.Release|x64.ActiveCfg = Release|x64
		{C4CD9041-C1E0-4FE3-9670-000A8965D1B5}.Release|x64.Build.0 = Release|x64
		{C4CD9041-C1E0-4FE3-9670-000A8965D1B5}.Release|x86.ActiveCfg = Release|Win32
		{C4CD9041-C1E0-4FE3-9670-000A8965D1B5}.Release|x86.Build.0 = Release|Win32
		{1B10C675-E1E3-488A-A900-A938D80E4D5A}.Debug|x64.ActiveCfg = Debug|x64
		{1B10C675-E1E3-488A-A900-A938D80E4D5A}.Debug|x64.Build.0 = Debug|x64
		{1B10C675-E1E3-488A-A900-A938D80E4D5A}.Debug|x86.ActiveCfg = Debug|Win32
		{1B10C675-E1E3-488A-A900-A938D80E4D5A}.Debug|x86.Build.0 = Debug|Win32
		{1B10C675-E1E3-488A-A900-A938D80E4D5A}.Release|x64.ActiveCfg = Release|x64
		{1B10C675-E1E3-488A-A900-A938D80E4D5A}.Release|x64.Build.0 = Release|x64
		{1B10C675-E1E3-488A-A900-A938D80E4D5A}.Release|x86.ActiveCfg = Release|Win32
		{1B10C675-E1E3-488A-A900-A938D80E4D5A}.Release|x86.Build.0 = Release|Win32
		{E14ED05B-CB5E-4610-ADAB-12A2D5CDF7AD}.Debug|x64.ActiveCfg = Debug|x64
		{E14ED05B-CB5E-4610-ADAB-12A2D5CDF7AD}.Debug|x64.Build.0 = Debug|x64
		{E14ED05B-CB5E-4610-ADAB-12A2D5CDF7AD}.Debug|x86.ActiveCfg = Debug|Win32
		{E14ED05B-CB5E-4610-ADAB-12A2D5CDF7AD}.Debug|x86.Build.0 = Debug|Win32
		{E14ED05B-CB5E-4610-ADAB-12A2D5CDF7AD}.Release|x64.ActiveCfg = Release|x64
		{E14ED05B-CB5E-4610-ADAB-12A2D5CDF7AD}.Release|x64.Build.0 = Release|x64
		{E14ED05B-CB5E-4610-ADAB-12A2D5CDF7AD}.Release|x86.ActiveCfg = Release|Win32
		{E14ED05B-CB5E-4610-ADAB-12A2D5CDF7AD}.Release|x86.Build.0 = Release|Win32
		{10FA5177-79D2-489F-8F06-69E4950361BA}.Debug|x64.ActiveCfg = Debug|x64
		{10FA5177-79D2-489F-8F06-69E4950361BA}.Debug|x64.Build.0 = Debug|x64
		{10FA5177-79D2-489F-8F06-69E4950361BA}.Debug|x86.ActiveCfg = Debug|Win32
		{10FA5177-79D2-489F-8F06-69E4950361BA}.Debug|x86.Build.0 = Debug|Win32
		{10FA5177-79D2-489F-8F06-69E4950361BA}.Release|x64.ActiveCfg = Release|x64
		{10FA5177-79D2-489F-8F06-69E4950361BA}.Release|x64.Build.0 = Release|x64
		{10FA5177-79D2-489F-8F06-69E4950361BA}.Release|x86.ActiveCfg = Release|Win32
		{10FA5177-79D2-489F-8F06-69E4950361BA}.Release|x86.Build.0 = Release|Win32
		{35DF28EA-F4C2-40DF-AE5E-3D8897A25828}.Debug|x64.ActiveCfg = Debug|x64
		{35DF28EA-F4C2-40DF-AE5E-3D8897A25828}.Debug|x64.Build.0 = Debug|x64
		{35DF28EA-F4C2-40DF-AE5E-3D8897A25828}.Debug|x86.ActiveCfg = Debug|Win32
		{35DF28EA-F4C2-40DF-AE5E-3D8897A25828}.Debug|x86.Build.0 = Debug|Win32
		{35DF28EA-F4C2-40DF-AE5E-3D8897A25828}.Release|x64.ActiveCfg = Release|x64
		{35DF28EA-F4C2-40DF-AE5E-3D8897A25828}.Release|x64.Build.0 = Release|x64
		{35DF28EA-F4C2-40DF-AE5E-3D8897A25828}.Release|x86.ActiveCfg = Release|Win32
		{35DF28EA-F4C2-40DF-AE5E-3D8897A25828}.Release|x86.Build.0 = Release|Win32
		{3B8D5622-1851-49C0-B7FF-F110A2DEA01B}.Debug|x64.ActiveCfg = Debug|x64
		{3B8D5622-1851-49C0-B7FF-F110A2DEA01B}.Debug|x64.Build.0 = Debug|x64
		{3B8D5622-1851-49C0-B7FF-F110A2DEA01B}.Debug|x86.ActiveCfg = Debug|Win32
		{3B8D5622-1851-49C0-B7FF-F110A2DEA01B}.Debug|x86.Build.0 = Debug|Win32
		{3B8D5622-1851-49C0-B7FF-F110A2DEA01B}.Release|x64.ActiveCfg = Release|x64
		{3B8D5622-1851-49C0-B7FF-F110A2DEA01B}.Release|x64.Build.0 = Release|x64
		{3B8D5622-1851-49C0-B7FF-F110A2DEA01B}.Release|x86.ActiveCfg = Release|Win32
		{3B8D5622-1851-49C0-B7FF-F110A2DEA01B}.Release|x86.Build.0 = Release|Win32
		{4B252D45-AFC3-400A-A61C-12C382922FF6}.Debug|x64.ActiveCfg = Debug|x64
		{4B252D45-AFC3-400A-A61C-12C382922FF6}.Debug|x64.Build.0 = Debug|x64
		{4B252D45-AFC3-400A-A61C-12C382922FF6}.Debug|x86.ActiveCfg = Debug|Win32
		{4B252D45-AFC3-400A-A61C-12C382922FF6}.Debug|x86.Build.0 = Debug|Win32
		{4B252D45-AFC3-400A-A61C-12C382922FF6}.Release|x64.ActiveCfg = Release|x64
		{4B252D45-AFC3-400A-A61C-12C382922FF6}.Release|x64.Build.0 = Release|x64
		{4B252D45-AFC3-400A-A61C-12C382922FF6}.Release|x86.ActiveCfg = Release|Win32
		{4B252D45-AFC3-400A-A61C-12C382922FF6}.Release|x86.Build.0 = Release|Win32
		{4BD1D0B3-28DB-49DC-93DC-6BB54CADC94D}.Debug|x64.ActiveCfg = Debug|x64
		{4BD1D0B3-28DB-49DC-93DC-6BB54CADC94D}.Debug|x64.Build.0 = Debug|x64
		{4BD1D0B3-28DB-49DC-93DC-6BB54CADC94D}.Debug|x86.ActiveCfg = Debug|Win32
		{4BD1D0B3-28DB-49DC-93DC-6BB54CADC94D}.Debug|x86.Build.0 = Debug|Win32
		{4BD1D0B3-28DB-49DC-93DC-6BB54CADC94D}.Release|x64.ActiveCfg = Release|x64
		{4BD1D0B3-28DB-49DC-93DC-6BB54CADC94D}.Release|x64.Build.0 = Release|x64
		{4BD1D0B3-28DB-49DC-93DC-6BB54CADC94D}.Release|x86.ActiveCfg = Release|Win32
		{4BD1D0B3-28DB-49DC-93DC-6BB54CADC94D}.Release|x86.Build.0 = Release|Win32
		{0FFDCAF2-DF15-49C5-BF6B-E4317E981C68}.Debug|x64.ActiveCfg = Debug|x64
		{0FFDCAF2-DF15-49C5-BF6B-E4317E981C68}.Debug|x64.Build.0 = Debug|x64
		{0FFDCAF2-DF15-49C5-BF6B-E4317E981C68}.Debug|x86.ActiveCfg = Debug|Win32
		{0FFDCAF2-DF15-49C5-BF6B-E4317E981C68}.Debug|x86.Build.0 = Debug|Win32
		{0FFDCAF2-DF15-49C5-BF6B-E4317E981C68}.Release|x64.ActiveCfg = Release|x64
		{0FFDCAF2-DF15-49C5-BF6B-E4317E981C68}.Release|x64.Build.0 = Release|x64
		{0FFDCAF2-DF15-49C5-BF6B-E4317E981C68}.Release|x86.ActiveCfg = Release|Win32
		{0FFDCAF2-DF15-49C5-BF6B-E4317E981C68}.Release|x86.Build.0 = Release|Win32
		{62953DF5-D5A0-4268-90C1-9ED71ED9E910}.Debug|x64.ActiveCfg = Debug|x64
		{62953DF5-D5A0-4268-90C1-9ED71ED9E910}.Debug|x64.Build.0 = Debug|x64
		{62953DF5-D5A0-4268-90C1-9ED71ED9E910}.Debug|x86.ActiveCfg = Debug|Win32
		{62953DF5-D5A0-4268-90C1-9ED71ED9E910}.Debug|x86.Build.0 = Debug|Win32
		{62953DF5-D5A0-4268-90C1-9ED71ED9E910}.Release|x64.ActiveCfg = Release|x64
		{62953DF5-D5A0-4268-90C1-9ED71ED9E910}.Release|x64.Build.0 = Release|x64
		{62953DF5-D5A0-4268-90C1-9ED71ED9E910}.Release|x86.ActiveCfg = Release|Win32
		{62953DF5-D5A0-4268-90C1-9ED71ED9E910}.Release|x86.Build.0 = Release|Win32
		{30726034-5999-4B31-9490-6AC2EF146A6E}.Debug|x64.ActiveCfg = Debug|x64
		{30726034-5999-4B31-9490-6AC2EF146A6E}.Debug|x64.Build.0 = Debug|x64
		{30726034-5999-4B31-9490-6AC2EF146A6E}.Debug|x86.ActiveCfg = Debug|Win32
		{30726034-5999-4B31-9490-6AC2EF146A6E}.Debug|x86.Build.0 = Debug|Win32
		{30726034-5999-4B31-9490-6AC2EF146A6E}.Release|x64.ActiveCfg = Release|x64
		{30726034-5999-4B31-9490-6AC2EF146A6E}.Release|x64.Build.0 = Release|x64
		{30726034-5999-4B31-9490-6AC2EF146A6E}.Release|x86.ActiveCfg = Release|Win32
		{30726034-5999-4B31-9490-6AC2EF146A6E}.Release|x86.Build.0 = Release|Win32
		{5EC14170-6693-414B-A076-66C0A7A82C3C}.Debug|x64.ActiveCfg = Debug|x64
		{5EC14170-6693-414B-A076-66C0A7A82C3C}.Debug|x64.Build.0 = Debug|x64
		{5EC14170-6693-414B-A076-66C0A7A82C3C}.Debug|x86.ActiveCfg = Debug|Win32
		{5EC14170-6693-414B-A076-66C0A7A82C3C}.Debug|x86.Build.0 = Debug|Win32
		{5EC14170-6693-414B-A076-66C0A7A82C3C}.Release|x64.ActiveCfg = Release|x64
		{5EC14170-6693-414B-A076-66C0A7A82C3C}.Release|x64.Build.0 = Release|x64
		{5EC14170-6693-414B-A076-66C0A7A82C3C}.Release|x86.ActiveCfg = Release|Win32
		{5EC14170-6693-414B-A076-66C0A7A82C3C}.Release|x86.Build.0 = Release|Win32
		{071CF739-0D52-4A1B-BAD6-BCFB0695F0F4}.Debug|x64.ActiveCfg = Debug|x64
		{071CF739-0D52-4A1B-BAD6-BCFB0695F0F4}.Debug|x64.Build.0 = Debug|x64
		{071CF739-0D52-4A1B-BAD6-BCFB0695F0F4}.Debug|x86.ActiveCfg = Debug|Win32
		{071CF739-0D52-4A1B-BAD6-BCFB0695F0F4}.Debug|x86.Build.0 = Debug|Win32
		{071CF739-0D52-4A1B-BAD6-BCFB0695F0F4}.Release|x64.ActiveCfg = Release|x64
		{071CF739-0D52-4A1B-BAD6-BCFB0695F0F4}.Release|x64.Build.0 = Release|x64
		{071CF739-0D52-4A1B-BAD6-BCFB0695F0F4}.Release|x86.ActiveCfg = Release|Win32
		{071CF739-0D52-4A1B-BAD6-BCFB0695F0F4}.Release|x86.Build.0 = Release|Win32
		{463AE59F-AFFF-487C-8C27-CDDB54C7B9B7}.Debug|x64.ActiveCfg = Debug|x64
		{463AE59F-AFFF-487C-8C27-CDDB54C7B9B7}.Debug|x64.Build.0 = Debug|x64
		{463AE59F-AFFF-487C-8C27-CDDB54C7B9B7}.Debug|x86.ActiveCfg = Debug|Win32
		{463AE59F-AFFF-487C-8C27-CDDB54C7B9B7}.Debug|x86.Build.0 = Debug|Win32
		{463AE59F-AFFF-487C-8C27-CDDB54C7B9B7}.Release|x64.ActiveCfg = Release|x64
		{463AE59F-AFFF-487C-8C27-CDDB54C7B9B7}.Release|x64.Build.0 = Release|x64
		{463AE59F-AFFF-487C-8C27-CDDB54C7B9B7}.Release|x86.ActiveCfg = Release|Win32
		{463AE59F-AFFF-487C-8C27-CDDB54C7B9B7}.Release|x86.Build.0 = Release|Win32
	EndGlobalSection
	GlobalSection(SolutionProperties) = preSolution
		HideSolutionNode = FALSE
	EndGlobalSection
	GlobalSection(ExtensibilityGlobals) = postSolution
		SolutionGuid = {15753032-C7CB-4517-8946-1A448579F6E4}
	EndGlobalSection
EndGlobal
