
Microsoft Visual Studio Solution File, Format Version 12.00
# Visual Studio Version 17
VisualStudioVersion = 17.7.34024.191
MinimumVisualStudioVersion = 10.0.40219.1
Project("{8BC9CEB8-8B4A-11D0-8D11-00A0C91BC942}") = "Task1", "Task1\Task1.vcxproj", "{F83733DB-3E1C-41B4-80B0-41180B060252}"
EndProject
Project("{8BC9CEB8-8B4A-11D0-8D11-00A0C91BC942}") = "Task2", "Task2\Task2.vcxproj", "{F2D59EDC-0E72-46C6-81E0-5C926B5ADE59}"
EndProject
Project("{8BC9CEB8-8B4A-11D0-8D11-00A0C91BC942}") = "Task3", "Task3\Task3.vcxproj", "{2525C051-EACB-4CD0-8933-E02A2F2826EE}"
EndProject
Project("{8BC9CEB8-8B4A-11D0-8D11-00A0C91BC942}") = "Task4", "Task4\Task4.vcxproj", "{BCDADF43-D7C5-4EB2-9AB4-3A12DFE1F805}"
EndProject
Project("{8BC9CEB8-8B4A-11D0-8D11-00A0C91BC942}") = "Task5", "Task5\Task5.vcxproj", "{F1D6DD1B-B529-483A-B62D-627C2A5A1245}"
EndProject
Project("{8BC9CEB8-8B4A-11D0-8D11-00A0C91BC942}") = "Task6", "Task6\Task6.vcxproj", "{49222DE1-D2DF-450A-8718-5A2BD7CD72D1}"
EndProject
Project("{8BC9CEB8-8B4A-11D0-8D11-00A0C91BC942}") = "Task7", "Task7\Task7.vcxproj", "{36D76544-FB15-4CB8-86A0-75E576C126BD}"
EndProject
Project("{8BC9CEB8-8B4A-11D0-8D11-00A0C91BC942}") = "Task8", "Task8\Task8.vcxproj", "{7ACBB066-387D-4385-AE97-744F2284E0E6}"
EndProject
Project("{8BC9CEB8-8B4A-11D0-8D11-00A0C91BC942}") = "Task9", "Task9\Task9.vcxproj", "{446FBBFB-D42C-47C1-8794-DEAEBAB634F4}"
EndProject
Global
	GlobalSection(SolutionConfigurationPlatforms) = preSolution
		Debug|x64 = Debug|x64
		Debug|x86 = Debug|x86
		Release|x64 = Release|x64
		Release|x86 = Release|x86
	EndGlobalSection
	GlobalSection(ProjectConfigurationPlatforms) = postSolution
		{F83733DB-3E1C-41B4-80B0-41180B060252}.Debug|x64.ActiveCfg = Debug|x64
		{F83733DB-3E1C-41B4-80B0-41180B060252}.Debug|x64.Build.0 = Debug|x64
		{F83733DB-3E1C-41B4-80B0-41180B060252}.Debug|x86.ActiveCfg = Debug|Win32
		{F83733DB-3E1C-41B4-80B0-41180B060252}.Debug|x86.Build.0 = Debug|Win32
		{F83733DB-3E1C-41B4-80B0-41180B060252}.Release|x64.ActiveCfg = Release|x64
		{F83733DB-3E1C-41B4-80B0-41180B060252}.Release|x64.Build.0 = Release|x64
		{F83733DB-3E1C-41B4-80B0-41180B060252}.Release|x86.ActiveCfg = Release|Win32
		{F83733DB-3E1C-41B4-80B0-41180B060252}.Release|x86.Build.0 = Release|Win32
		{F2D59EDC-0E72-46C6-81E0-5C926B5ADE59}.Debug|x64.ActiveCfg = Debug|x64
		{F2D59EDC-0E72-46C6-81E0-5C926B5ADE59}.Debug|x64.Build.0 = Debug|x64
		{F2D59EDC-0E72-46C6-81E0-5C926B5ADE59}.Debug|x86.ActiveCfg = Debug|Win32
		{F2D59EDC-0E72-46C6-81E0-5C926B5ADE59}.Debug|x86.Build.0 = Debug|Win32
		{F2D59EDC-0E72-46C6-81E0-5C926B5ADE59}.Release|x64.ActiveCfg = Release|x64
		{F2D59EDC-0E72-46C6-81E0-5C926B5ADE59}.Release|x64.Build.0 = Release|x64
		{F2D59EDC-0E72-46C6-81E0-5C926B5ADE59}.Release|x86.ActiveCfg = Release|Win32
		{F2D59EDC-0E72-46C6-81E0-5C926B5ADE59}.Release|x86.Build.0 = Release|Win32
		{2525C051-EACB-4CD0-8933-E02A2F2826EE}.Debug|x64.ActiveCfg = Debug|x64
		{2525C051-EACB-4CD0-8933-E02A2F2826EE}.Debug|x64.Build.0 = Debug|x64
		{2525C051-EACB-4CD0-8933-E02A2F2826EE}.Debug|x86.ActiveCfg = Debug|Win32
		{2525C051-EACB-4CD0-8933-E02A2F2826EE}.Debug|x86.Build.0 = Debug|Win32
		{2525C051-EACB-4CD0-8933-E02A2F2826EE}.Release|x64.ActiveCfg = Release|x64
		{2525C051-EACB-4CD0-8933-E02A2F2826EE}.Release|x64.Build.0 = Release|x64
		{2525C051-EACB-4CD0-8933-E02A2F2826EE}.Release|x86.ActiveCfg = Release|Win32
		{2525C051-EACB-4CD0-8933-E02A2F2826EE}.Release|x86.Build.0 = Release|Win32
		{BCDADF43-D7C5-4EB2-9AB4-3A12DFE1F805}.Debug|x64.ActiveCfg = Debug|x64
		{BCDADF43-D7C5-4EB2-9AB4-3A12DFE1F805}.Debug|x64.Build.0 = Debug|x64
		{BCDADF43-D7C5-4EB2-9AB4-3A12DFE1F805}.Debug|x86.ActiveCfg = Debug|Win32
		{BCDADF43-D7C5-4EB2-9AB4-3A12DFE1F805}.Debug|x86.Build.0 = Debug|Win32
		{BCDADF43-D7C5-4EB2-9AB4-3A12DFE1F805}.Release|x64.ActiveCfg = Release|x64
		{BCDADF43-D7C5-4EB2-9AB4-3A12DFE1F805}.Release|x64.Build.0 = Release|x64
		{BCDADF43-D7C5-4EB2-9AB4-3A12DFE1F805}.Release|x86.ActiveCfg = Release|Win32
		{BCDADF43-D7C5-4EB2-9AB4-3A12DFE1F805}.Release|x86.Build.0 = Release|Win32
		{F1D6DD1B-B529-483A-B62D-627C2A5A1245}.Debug|x64.ActiveCfg = Debug|x64
		{F1D6DD1B-B529-483A-B62D-627C2A5A1245}.Debug|x64.Build.0 = Debug|x64
		{F1D6DD1B-B529-483A-B62D-627C2A5A1245}.Debug|x86.ActiveCfg = Debug|Win32
		{F1D6DD1B-B529-483A-B62D-627C2A5A1245}.Debug|x86.Build.0 = Debug|Win32
		{F1D6DD1B-B529-483A-B62D-627C2A5A1245}.Release|x64.ActiveCfg = Release|x64
		{F1D6DD1B-B529-483A-B62D-627C2A5A1245}.Release|x64.Build.0 = Release|x64
		{F1D6DD1B-B529-483A-B62D-627C2A5A1245}.Release|x86.ActiveCfg = Release|Win32
		{F1D6DD1B-B529-483A-B62D-627C2A5A1245}.Release|x86.Build.0 = Release|Win32
		{49222DE1-D2DF-450A-8718-5A2BD7CD72D1}.Debug|x64.ActiveCfg = Debug|x64
		{49222DE1-D2DF-450A-8718-5A2BD7CD72D1}.Debug|x64.Build.0 = Debug|x64
		{49222DE1-D2DF-450A-8718-5A2BD7CD72D1}.Debug|x86.ActiveCfg = Debug|Win32
		{49222DE1-D2DF-450A-8718-5A2BD7CD72D1}.Debug|x86.Build.0 = Debug|Win32
		{49222DE1-D2DF-450A-8718-5A2BD7CD72D1}.Release|x64.ActiveCfg = Release|x64
		{49222DE1-D2DF-450A-8718-5A2BD7CD72D1}.Release|x64.Build.0 = Release|x64
		{49222DE1-D2DF-450A-8718-5A2BD7CD72D1}.Release|x86.ActiveCfg = Release|Win32
		{49222DE1-D2DF-450A-8718-5A2BD7CD72D1}.Release|x86.Build.0 = Release|Win32
		{36D76544-FB15-4CB8-86A0-75E576C126BD}.Debug|x64.ActiveCfg = Debug|x64
		{36D76544-FB15-4CB8-86A0-75E576C126BD}.Debug|x64.Build.0 = Debug|x64
		{36D76544-FB15-4CB8-86A0-75E576C126BD}.Debug|x86.ActiveCfg = Debug|Win32
		{36D76544-FB15-4CB8-86A0-75E576C126BD}.Debug|x86.Build.0 = Debug|Win32
		{36D76544-FB15-4CB8-86A0-75E576C126BD}.Release|x64.ActiveCfg = Release|x64
		{36D76544-FB15-4CB8-86A0-75E576C126BD}.Release|x64.Build.0 = Release|x64
		{36D76544-FB15-4CB8-86A0-75E576C126BD}.Release|x86.ActiveCfg = Release|Win32
		{36D76544-FB15-4CB8-86A0-75E576C126BD}.Release|x86.Build.0 = Release|Win32
		{7ACBB066-387D-4385-AE97-744F2284E0E6}.Debug|x64.ActiveCfg = Debug|x64
		{7ACBB066-387D-4385-AE97-744F2284E0E6}.Debug|x64.Build.0 = Debug|x64
		{7ACBB066-387D-4385-AE97-744F2284E0E6}.Debug|x86.ActiveCfg = Debug|Win32
		{7ACBB066-387D-4385-AE97-744F2284E0E6}.Debug|x86.Build.0 = Debug|Win32
		{7ACBB066-387D-4385-AE97-744F2284E0E6}.Release|x64.ActiveCfg = Release|x64
		{7ACBB066-387D-4385-AE97-744F2284E0E6}.Release|x64.Build.0 = Release|x64
		{7ACBB066-387D-4385-AE97-744F2284E0E6}.Release|x86.ActiveCfg = Release|Win32
		{7ACBB066-387D-4385-AE97-744F2284E0E6}.Release|x86.Build.0 = Release|Win32
		{446FBBFB-D42C-47C1-8794-DEAEBAB634F4}.Debug|x64.ActiveCfg = Debug|x64
		{446FBBFB-D42C-47C1-8794-DEAEBAB634F4}.Debug|x64.Build.0 = Debug|x64
		{446FBBFB-D42C-47C1-8794-DEAEBAB634F4}.Debug|x86.ActiveCfg = Debug|Win32
		{446FBBFB-D42C-47C1-8794-DEAEBAB634F4}.Debug|x86.Build.0 = Debug|Win32
		{446FBBFB-D42C-47C1-8794-DEAEBAB634F4}.Release|x64.ActiveCfg = Release|x64
		{446FBBFB-D42C-47C1-8794-DEAEBAB634F4}.Release|x64.Build.0 = Release|x64
		{446FBBFB-D42C-47C1-8794-DEAEBAB634F4}.Release|x86.ActiveCfg = Release|Win32
		{446FBBFB-D42C-47C1-8794-DEAEBAB634F4}.Release|x86.Build.0 = Release|Win32
	EndGlobalSection
	GlobalSection(SolutionProperties) = preSolution
		HideSolutionNode = FALSE
	EndGlobalSection
	GlobalSection(ExtensibilityGlobals) = postSolution
		SolutionGuid = {3DB159BB-79AA-41DC-B7C5-74A8834E2390}
	EndGlobalSection
EndGlobal
