
Microsoft Visual Studio Solution File, Format Version 12.00
# Visual Studio Version 17
VisualStudioVersion = 17.7.34024.191
MinimumVisualStudioVersion = 10.0.40219.1
Project("{8BC9CEB8-8B4A-11D0-8D11-00A0C91BC942}") = "TaskTabl1", "TaskTabl1\TaskTabl1.vcxproj", "{C669CD93-C665-4DC9-851D-F2910BAC0AEC}"
EndProject
Project("{8BC9CEB8-8B4A-11D0-8D11-00A0C91BC942}") = "TaskTabl2", "TaskTabl2\TaskTabl2.vcxproj", "{EB3EC193-D64F-4111-8C5E-306615CDB5B2}"
EndProject
Project("{8BC9CEB8-8B4A-11D0-8D11-00A0C91BC942}") = "TaskTabl3", "TaskTabl3\TaskTabl3.vcxproj", "{C7A1114E-96E1-410E-9FBB-1E1EBDDEB888}"
EndProject
Project("{8BC9CEB8-8B4A-11D0-8D11-00A0C91BC942}") = "TaskTabl4", "TaskTabl4\TaskTabl4.vcxproj", "{DD6411B0-3EFB-4351-ADC8-C56E027C0AAC}"
EndProject
Project("{8BC9CEB8-8B4A-11D0-8D11-00A0C91BC942}") = "TaskTabl5", "TaskTabl5\TaskTabl5.vcxproj", "{B807E78C-0AFC-4D2B-B2AD-9BA3CF00594D}"
EndProject
Project("{8BC9CEB8-8B4A-11D0-8D11-00A0C91BC942}") = "TaskTabl6", "TaskTabl6\TaskTabl6.vcxproj", "{96EBDAF4-BAD6-482F-91F4-3CA48F5A6443}"
EndProject
Project("{8BC9CEB8-8B4A-11D0-8D11-00A0C91BC942}") = "TaskBit1", "TaskBit1\TaskBit1.vcxproj", "{9E6D343D-171A-4F6A-8B72-25F012CE8676}"
EndProject
Project("{8BC9CEB8-8B4A-11D0-8D11-00A0C91BC942}") = "TaskBit2", "TaskBit2\TaskBit2.vcxproj", "{81DFC8A4-D22C-4C3C-9F42-7EF60D18C996}"
EndProject
Global
	GlobalSection(SolutionConfigurationPlatforms) = preSolution
		Debug|x64 = Debug|x64
		Debug|x86 = Debug|x86
		Release|x64 = Release|x64
		Release|x86 = Release|x86
	EndGlobalSection
	GlobalSection(ProjectConfigurationPlatforms) = postSolution
		{C669CD93-C665-4DC9-851D-F2910BAC0AEC}.Debug|x64.ActiveCfg = Debug|x64
		{C669CD93-C665-4DC9-851D-F2910BAC0AEC}.Debug|x64.Build.0 = Debug|x64
		{C669CD93-C665-4DC9-851D-F2910BAC0AEC}.Debug|x86.ActiveCfg = Debug|Win32
		{C669CD93-C665-4DC9-851D-F2910BAC0AEC}.Debug|x86.Build.0 = Debug|Win32
		{C669CD93-C665-4DC9-851D-F2910BAC0AEC}.Release|x64.ActiveCfg = Release|x64
		{C669CD93-C665-4DC9-851D-F2910BAC0AEC}.Release|x64.Build.0 = Release|x64
		{C669CD93-C665-4DC9-851D-F2910BAC0AEC}.Release|x86.ActiveCfg = Release|Win32
		{C669CD93-C665-4DC9-851D-F2910BAC0AEC}.Release|x86.Build.0 = Release|Win32
		{EB3EC193-D64F-4111-8C5E-306615CDB5B2}.Debug|x64.ActiveCfg = Debug|x64
		{EB3EC193-D64F-4111-8C5E-306615CDB5B2}.Debug|x64.Build.0 = Debug|x64
		{EB3EC193-D64F-4111-8C5E-306615CDB5B2}.Debug|x86.ActiveCfg = Debug|Win32
		{EB3EC193-D64F-4111-8C5E-306615CDB5B2}.Debug|x86.Build.0 = Debug|Win32
		{EB3EC193-D64F-4111-8C5E-306615CDB5B2}.Release|x64.ActiveCfg = Release|x64
		{EB3EC193-D64F-4111-8C5E-306615CDB5B2}.Release|x64.Build.0 = Release|x64
		{EB3EC193-D64F-4111-8C5E-306615CDB5B2}.Release|x86.ActiveCfg = Release|Win32
		{EB3EC193-D64F-4111-8C5E-306615CDB5B2}.Release|x86.Build.0 = Release|Win32
		{C7A1114E-96E1-410E-9FBB-1E1EBDDEB888}.Debug|x64.ActiveCfg = Debug|x64
		{C7A1114E-96E1-410E-9FBB-1E1EBDDEB888}.Debug|x64.Build.0 = Debug|x64
		{C7A1114E-96E1-410E-9FBB-1E1EBDDEB888}.Debug|x86.ActiveCfg = Debug|Win32
		{C7A1114E-96E1-410E-9FBB-1E1EBDDEB888}.Debug|x86.Build.0 = Debug|Win32
		{C7A1114E-96E1-410E-9FBB-1E1EBDDEB888}.Release|x64.ActiveCfg = Release|x64
		{C7A1114E-96E1-410E-9FBB-1E1EBDDEB888}.Release|x64.Build.0 = Release|x64
		{C7A1114E-96E1-410E-9FBB-1E1EBDDEB888}.Release|x86.ActiveCfg = Release|Win32
		{C7A1114E-96E1-410E-9FBB-1E1EBDDEB888}.Release|x86.Build.0 = Release|Win32
		{DD6411B0-3EFB-4351-ADC8-C56E027C0AAC}.Debug|x64.ActiveCfg = Debug|x64
		{DD6411B0-3EFB-4351-ADC8-C56E027C0AAC}.Debug|x64.Build.0 = Debug|x64
		{DD6411B0-3EFB-4351-ADC8-C56E027C0AAC}.Debug|x86.ActiveCfg = Debug|Win32
		{DD6411B0-3EFB-4351-ADC8-C56E027C0AAC}.Debug|x86.Build.0 = Debug|Win32
		{DD6411B0-3EFB-4351-ADC8-C56E027C0AAC}.Release|x64.ActiveCfg = Release|x64
		{DD6411B0-3EFB-4351-ADC8-C56E027C0AAC}.Release|x64.Build.0 = Release|x64
		{DD6411B0-3EFB-4351-ADC8-C56E027C0AAC}.Release|x86.ActiveCfg = Release|Win32
		{DD6411B0-3EFB-4351-ADC8-C56E027C0AAC}.Release|x86.Build.0 = Release|Win32
		{B807E78C-0AFC-4D2B-B2AD-9BA3CF00594D}.Debug|x64.ActiveCfg = Debug|x64
		{B807E78C-0AFC-4D2B-B2AD-9BA3CF00594D}.Debug|x64.Build.0 = Debug|x64
		{B807E78C-0AFC-4D2B-B2AD-9BA3CF00594D}.Debug|x86.ActiveCfg = Debug|Win32
		{B807E78C-0AFC-4D2B-B2AD-9BA3CF00594D}.Debug|x86.Build.0 = Debug|Win32
		{B807E78C-0AFC-4D2B-B2AD-9BA3CF00594D}.Release|x64.ActiveCfg = Release|x64
		{B807E78C-0AFC-4D2B-B2AD-9BA3CF00594D}.Release|x64.Build.0 = Release|x64
		{B807E78C-0AFC-4D2B-B2AD-9BA3CF00594D}.Release|x86.ActiveCfg = Release|Win32
		{B807E78C-0AFC-4D2B-B2AD-9BA3CF00594D}.Release|x86.Build.0 = Release|Win32
		{96EBDAF4-BAD6-482F-91F4-3CA48F5A6443}.Debug|x64.ActiveCfg = Debug|x64
		{96EBDAF4-BAD6-482F-91F4-3CA48F5A6443}.Debug|x64.Build.0 = Debug|x64
		{96EBDAF4-BAD6-482F-91F4-3CA48F5A6443}.Debug|x86.ActiveCfg = Debug|Win32
		{96EBDAF4-BAD6-482F-91F4-3CA48F5A6443}.Debug|x86.Build.0 = Debug|Win32
		{96EBDAF4-BAD6-482F-91F4-3CA48F5A6443}.Release|x64.ActiveCfg = Release|x64
		{96EBDAF4-BAD6-482F-91F4-3CA48F5A6443}.Release|x64.Build.0 = Release|x64
		{96EBDAF4-BAD6-482F-91F4-3CA48F5A6443}.Release|x86.ActiveCfg = Release|Win32
		{96EBDAF4-BAD6-482F-91F4-3CA48F5A6443}.Release|x86.Build.0 = Release|Win32
		{9E6D343D-171A-4F6A-8B72-25F012CE8676}.Debug|x64.ActiveCfg = Debug|x64
		{9E6D343D-171A-4F6A-8B72-25F012CE8676}.Debug|x64.Build.0 = Debug|x64
		{9E6D343D-171A-4F6A-8B72-25F012CE8676}.Debug|x86.ActiveCfg = Debug|Win32
		{9E6D343D-171A-4F6A-8B72-25F012CE8676}.Debug|x86.Build.0 = Debug|Win32
		{9E6D343D-171A-4F6A-8B72-25F012CE8676}.Release|x64.ActiveCfg = Release|x64
		{9E6D343D-171A-4F6A-8B72-25F012CE8676}.Release|x64.Build.0 = Release|x64
		{9E6D343D-171A-4F6A-8B72-25F012CE8676}.Release|x86.ActiveCfg = Release|Win32
		{9E6D343D-171A-4F6A-8B72-25F012CE8676}.Release|x86.Build.0 = Release|Win32
		{81DFC8A4-D22C-4C3C-9F42-7EF60D18C996}.Debug|x64.ActiveCfg = Debug|x64
		{81DFC8A4-D22C-4C3C-9F42-7EF60D18C996}.Debug|x64.Build.0 = Debug|x64
		{81DFC8A4-D22C-4C3C-9F42-7EF60D18C996}.Debug|x86.ActiveCfg = Debug|Win32
		{81DFC8A4-D22C-4C3C-9F42-7EF60D18C996}.Debug|x86.Build.0 = Debug|Win32
		{81DFC8A4-D22C-4C3C-9F42-7EF60D18C996}.Release|x64.ActiveCfg = Release|x64
		{81DFC8A4-D22C-4C3C-9F42-7EF60D18C996}.Release|x64.Build.0 = Release|x64
		{81DFC8A4-D22C-4C3C-9F42-7EF60D18C996}.Release|x86.ActiveCfg = Release|Win32
		{81DFC8A4-D22C-4C3C-9F42-7EF60D18C996}.Release|x86.Build.0 = Release|Win32
	EndGlobalSection
	GlobalSection(SolutionProperties) = preSolution
		HideSolutionNode = FALSE
	EndGlobalSection
	GlobalSection(ExtensibilityGlobals) = postSolution
		SolutionGuid = {66BD4ACB-1F7C-46DF-9A90-E8EB055231AE}
	EndGlobalSection
EndGlobal
